
Microsoft Visual Studio Solution File, Format Version 12.00
# Visual Studio Version 17
VisualStudioVersion = 17.2.32516.85
MinimumVisualStudioVersion = 10.0.40219.1
Project("{9A19103F-16F7-4668-BE54-9A1E7A4F7556}") = "ByteBank.SitemaAgencia", "ByteBank.SitemaAgencia\ByteBank.SitemaAgencia.csproj", "{59A459D9-9EE0-47BB-ADA0-5EB1C818604E}"
EndProject
Project("{9A19103F-16F7-4668-BE54-9A1E7A4F7556}") = "ByteBank.Modelos", "ByteBank.Modelos\ByteBank.Modelos.csproj", "{48866FE2-C26D-40A4-8D00-20B10231C465}"
EndProject
Global
	GlobalSection(SolutionConfigurationPlatforms) = preSolution
		Debug|Any CPU = Debug|Any CPU
		Release|Any CPU = Release|Any CPU
	EndGlobalSection
	GlobalSection(ProjectConfigurationPlatforms) = postSolution
		{59A459D9-9EE0-47BB-ADA0-5EB1C818604E}.Debug|Any CPU.ActiveCfg = Debug|Any CPU
		{59A459D9-9EE0-47BB-ADA0-5EB1C818604E}.Debug|Any CPU.Build.0 = Debug|Any CPU
		{59A459D9-9EE0-47BB-ADA0-5EB1C818604E}.Release|Any CPU.ActiveCfg = Release|Any CPU
		{59A459D9-9EE0-47BB-ADA0-5EB1C818604E}.Release|Any CPU.Build.0 = Release|Any CPU
		{48866FE2-C26D-40A4-8D00-20B10231C465}.Debug|Any CPU.ActiveCfg = Debug|Any CPU
		{48866FE2-C26D-40A4-8D00-20B10231C465}.Debug|Any CPU.Build.0 = Debug|Any CPU
		{48866FE2-C26D-40A4-8D00-20B10231C465}.Release|Any CPU.ActiveCfg = Release|Any CPU
		{48866FE2-C26D-40A4-8D00-20B10231C465}.Release|Any CPU.Build.0 = Release|Any CPU
	EndGlobalSection
	GlobalSection(SolutionProperties) = preSolution
		HideSolutionNode = FALSE
	EndGlobalSection
	GlobalSection(ExtensibilityGlobals) = postSolution
		SolutionGuid = {3CA9362B-F7F3-48D7-8DF8-40D322769988}
	EndGlobalSection
EndGlobal
